
Microsoft Visual Studio Solution File, Format Version 10.00
# Visual Studio 2008
Project("{F184B08F-C81C-45F6-A57F-5ABD9991F28F}") = "HotelManagements", "HotelManagements\HotelManagements.vbproj", "{912E1EEE-BCE7-4D75-8062-9833F282F59B}"
EndProject
Global
	GlobalSection(SolutionConfigurationPlatforms) = preSolution
		Debug|Any CPU = Debug|Any CPU
		Release|Any CPU = Release|Any CPU
	EndGlobalSection
	GlobalSection(ProjectConfigurationPlatforms) = postSolution
		{912E1EEE-BCE7-4D75-8062-9833F282F59B}.Debug|Any CPU.ActiveCfg = Debug|Any CPU
		{912E1EEE-BCE7-4D75-8062-9833F282F59B}.Debug|Any CPU.Build.0 = Debug|Any CPU
		{912E1EEE-BCE7-4D75-8062-9833F282F59B}.Release|Any CPU.ActiveCfg = Release|Any CPU
		{912E1EEE-BCE7-4D75-8062-9833F282F59B}.Release|Any CPU.Build.0 = Release|Any CPU
	EndGlobalSection
	GlobalSection(SolutionProperties) = preSolution
		HideSolutionNode = FALSE
	EndGlobalSection
EndGlobal
